
Microsoft Visual Studio Solution File, Format Version 12.00
# Visual Studio Version 17
VisualStudioVersion = 17.4.33403.182
MinimumVisualStudioVersion = 10.0.40219.1
Project("{FAE04EC0-301F-11D3-BF4B-00C04F79EFBC}") = "Seleccion-consola", "Seleccion-consola\Seleccion-consola.csproj", "{4D4D7C8E-0B02-4787-8232-D8D00466CC73}"
EndProject
Global
	GlobalSection(SolutionConfigurationPlatforms) = preSolution
		Debug|Any CPU = Debug|Any CPU
		Release|Any CPU = Release|Any CPU
	EndGlobalSection
	GlobalSection(ProjectConfigurationPlatforms) = postSolution
		{4D4D7C8E-0B02-4787-8232-D8D00466CC73}.Debug|Any CPU.ActiveCfg = Debug|Any CPU
		{4D4D7C8E-0B02-4787-8232-D8D00466CC73}.Debug|Any CPU.Build.0 = Debug|Any CPU
		{4D4D7C8E-0B02-4787-8232-D8D00466CC73}.Release|Any CPU.ActiveCfg = Release|Any CPU
		{4D4D7C8E-0B02-4787-8232-D8D00466CC73}.Release|Any CPU.Build.0 = Release|Any CPU
	EndGlobalSection
	GlobalSection(SolutionProperties) = preSolution
		HideSolutionNode = FALSE
	EndGlobalSection
	GlobalSection(ExtensibilityGlobals) = postSolution
		SolutionGuid = {C9613B98-CCE3-4DE0-9855-87D41DC08081}
	EndGlobalSection
EndGlobal
