
Microsoft Visual Studio Solution File, Format Version 12.00
# Visual Studio Version 17
VisualStudioVersion = 17.0.32112.339
MinimumVisualStudioVersion = 10.0.40219.1
Project("{FAE04EC0-301F-11D3-BF4B-00C04F79EFBC}") = "N sueldos", "N sueldos.csproj", "{687930E6-1371-4767-8E74-E8ABAE1BCB26}"
EndProject
Global
	GlobalSection(SolutionConfigurationPlatforms) = preSolution
		Debug|Any CPU = Debug|Any CPU
		Release|Any CPU = Release|Any CPU
	EndGlobalSection
	GlobalSection(ProjectConfigurationPlatforms) = postSolution
		{687930E6-1371-4767-8E74-E8ABAE1BCB26}.Debug|Any CPU.ActiveCfg = Debug|Any CPU
		{687930E6-1371-4767-8E74-E8ABAE1BCB26}.Debug|Any CPU.Build.0 = Debug|Any CPU
		{687930E6-1371-4767-8E74-E8ABAE1BCB26}.Release|Any CPU.ActiveCfg = Release|Any CPU
		{687930E6-1371-4767-8E74-E8ABAE1BCB26}.Release|Any CPU.Build.0 = Release|Any CPU
	EndGlobalSection
	GlobalSection(SolutionProperties) = preSolution
		HideSolutionNode = FALSE
	EndGlobalSection
	GlobalSection(ExtensibilityGlobals) = postSolution
		SolutionGuid = {BCBA2E53-1F28-43B3-B3B3-EC963DD94396}
	EndGlobalSection
EndGlobal
