
Microsoft Visual Studio Solution File, Format Version 12.00
# Visual Studio Version 17
VisualStudioVersion = 17.0.32112.339
MinimumVisualStudioVersion = 10.0.40219.1
Project("{FAE04EC0-301F-11D3-BF4B-00C04F79EFBC}") = "ghsef", "ghsef.csproj", "{B5BDB32B-CBCB-47E1-A7EE-9C7DC4A475CE}"
EndProject
Global
	GlobalSection(SolutionConfigurationPlatforms) = preSolution
		Debug|Any CPU = Debug|Any CPU
		Release|Any CPU = Release|Any CPU
	EndGlobalSection
	GlobalSection(ProjectConfigurationPlatforms) = postSolution
		{B5BDB32B-CBCB-47E1-A7EE-9C7DC4A475CE}.Debug|Any CPU.ActiveCfg = Debug|Any CPU
		{B5BDB32B-CBCB-47E1-A7EE-9C7DC4A475CE}.Debug|Any CPU.Build.0 = Debug|Any CPU
		{B5BDB32B-CBCB-47E1-A7EE-9C7DC4A475CE}.Release|Any CPU.ActiveCfg = Release|Any CPU
		{B5BDB32B-CBCB-47E1-A7EE-9C7DC4A475CE}.Release|Any CPU.Build.0 = Release|Any CPU
	EndGlobalSection
	GlobalSection(SolutionProperties) = preSolution
		HideSolutionNode = FALSE
	EndGlobalSection
	GlobalSection(ExtensibilityGlobals) = postSolution
		SolutionGuid = {9F0843E9-60E2-4156-A222-C544CE95073E}
	EndGlobalSection
EndGlobal
