
Microsoft Visual Studio Solution File, Format Version 12.00
# Visual Studio Version 17
VisualStudioVersion = 17.0.32112.339
MinimumVisualStudioVersion = 10.0.40219.1
Project("{FAE04EC0-301F-11D3-BF4B-00C04F79EFBC}") = "PRYECTO CALCULADORA", "PRYECTO CALCULADORA.csproj", "{1ADEED60-71FA-49C8-A21F-369F5CD81703}"
EndProject
Global
	GlobalSection(SolutionConfigurationPlatforms) = preSolution
		Debug|Any CPU = Debug|Any CPU
		Release|Any CPU = Release|Any CPU
	EndGlobalSection
	GlobalSection(ProjectConfigurationPlatforms) = postSolution
		{1ADEED60-71FA-49C8-A21F-369F5CD81703}.Debug|Any CPU.ActiveCfg = Debug|Any CPU
		{1ADEED60-71FA-49C8-A21F-369F5CD81703}.Debug|Any CPU.Build.0 = Debug|Any CPU
		{1ADEED60-71FA-49C8-A21F-369F5CD81703}.Release|Any CPU.ActiveCfg = Release|Any CPU
		{1ADEED60-71FA-49C8-A21F-369F5CD81703}.Release|Any CPU.Build.0 = Release|Any CPU
	EndGlobalSection
	GlobalSection(SolutionProperties) = preSolution
		HideSolutionNode = FALSE
	EndGlobalSection
	GlobalSection(ExtensibilityGlobals) = postSolution
		SolutionGuid = {CAB0ACA7-1472-48AE-973F-F8D379E0C3AA}
	EndGlobalSection
EndGlobal
