
Microsoft Visual Studio Solution File, Format Version 12.00
# Visual Studio Version 17
VisualStudioVersion = 17.0.32112.339
MinimumVisualStudioVersion = 10.0.40219.1
Project("{FAE04EC0-301F-11D3-BF4B-00C04F79EFBC}") = "WindowsFormsApp1", "WindowsFormsApp1.csproj", "{CC91D65B-313C-4D26-B7A2-32DBA47E4169}"
EndProject
Global
	GlobalSection(SolutionConfigurationPlatforms) = preSolution
		Debug|Any CPU = Debug|Any CPU
		Release|Any CPU = Release|Any CPU
	EndGlobalSection
	GlobalSection(ProjectConfigurationPlatforms) = postSolution
		{CC91D65B-313C-4D26-B7A2-32DBA47E4169}.Debug|Any CPU.ActiveCfg = Debug|Any CPU
		{CC91D65B-313C-4D26-B7A2-32DBA47E4169}.Debug|Any CPU.Build.0 = Debug|Any CPU
		{CC91D65B-313C-4D26-B7A2-32DBA47E4169}.Release|Any CPU.ActiveCfg = Release|Any CPU
		{CC91D65B-313C-4D26-B7A2-32DBA47E4169}.Release|Any CPU.Build.0 = Release|Any CPU
	EndGlobalSection
	GlobalSection(SolutionProperties) = preSolution
		HideSolutionNode = FALSE
	EndGlobalSection
	GlobalSection(ExtensibilityGlobals) = postSolution
		SolutionGuid = {84D4276B-28E4-48FE-928A-28C9AF746C0D}
	EndGlobalSection
EndGlobal
